
Microsoft Visual Studio Solution File, Format Version 12.00
# Visual Studio 2012
Project("{FAE04EC0-301F-11D3-BF4B-00C04F79EFBC}") = "FuelStation.Core", "FuelStation\FuelStation.Core.csproj", "{5D23EC9D-8A5E-48F0-8401-42B5DF8C122A}"
EndProject
Project("{FAE04EC0-301F-11D3-BF4B-00C04F79EFBC}") = "FuelStation.iOS", "iOS\FuelStation.iOS.csproj", "{80A6EC75-5B56-42B0-958F-2649A655DBDE}"
EndProject
Project("{FAE04EC0-301F-11D3-BF4B-00C04F79EFBC}") = "FuelStation.Droid", "Droid\FuelStation.Droid.csproj", "{58E0759E-C8C0-448D-9A72-976413637DB9}"
EndProject
Global
	GlobalSection(SolutionConfigurationPlatforms) = preSolution
		Debug|Any CPU = Debug|Any CPU
		Release|Any CPU = Release|Any CPU
		Debug|iPhoneSimulator = Debug|iPhoneSimulator
		Release|iPhoneSimulator = Release|iPhoneSimulator
		Debug|iPhone = Debug|iPhone
		Release|iPhone = Release|iPhone
		Ad-Hoc|iPhone = Ad-Hoc|iPhone
		AppStore|iPhone = AppStore|iPhone
	EndGlobalSection
	GlobalSection(ProjectConfigurationPlatforms) = postSolution
		{58E0759E-C8C0-448D-9A72-976413637DB9}.Ad-Hoc|iPhone.ActiveCfg = Release|Any CPU
		{58E0759E-C8C0-448D-9A72-976413637DB9}.Ad-Hoc|iPhone.Build.0 = Release|Any CPU
		{58E0759E-C8C0-448D-9A72-976413637DB9}.AppStore|iPhone.ActiveCfg = Release|Any CPU
		{58E0759E-C8C0-448D-9A72-976413637DB9}.AppStore|iPhone.Build.0 = Release|Any CPU
		{58E0759E-C8C0-448D-9A72-976413637DB9}.Debug|Any CPU.ActiveCfg = Debug|Any CPU
		{58E0759E-C8C0-448D-9A72-976413637DB9}.Debug|Any CPU.Build.0 = Debug|Any CPU
		{58E0759E-C8C0-448D-9A72-976413637DB9}.Debug|iPhone.ActiveCfg = Debug|Any CPU
		{58E0759E-C8C0-448D-9A72-976413637DB9}.Debug|iPhone.Build.0 = Debug|Any CPU
		{58E0759E-C8C0-448D-9A72-976413637DB9}.Debug|iPhoneSimulator.ActiveCfg = Debug|Any CPU
		{58E0759E-C8C0-448D-9A72-976413637DB9}.Debug|iPhoneSimulator.Build.0 = Debug|Any CPU
		{58E0759E-C8C0-448D-9A72-976413637DB9}.Release|Any CPU.ActiveCfg = Release|Any CPU
		{58E0759E-C8C0-448D-9A72-976413637DB9}.Release|Any CPU.Build.0 = Release|Any CPU
		{58E0759E-C8C0-448D-9A72-976413637DB9}.Release|iPhone.ActiveCfg = Release|Any CPU
		{58E0759E-C8C0-448D-9A72-976413637DB9}.Release|iPhone.Build.0 = Release|Any CPU
		{58E0759E-C8C0-448D-9A72-976413637DB9}.Release|iPhoneSimulator.ActiveCfg = Release|Any CPU
		{58E0759E-C8C0-448D-9A72-976413637DB9}.Release|iPhoneSimulator.Build.0 = Release|Any CPU
		{5D23EC9D-8A5E-48F0-8401-42B5DF8C122A}.Ad-Hoc|iPhone.ActiveCfg = Debug|Any CPU
		{5D23EC9D-8A5E-48F0-8401-42B5DF8C122A}.Ad-Hoc|iPhone.Build.0 = Debug|Any CPU
		{5D23EC9D-8A5E-48F0-8401-42B5DF8C122A}.AppStore|iPhone.ActiveCfg = Debug|Any CPU
		{5D23EC9D-8A5E-48F0-8401-42B5DF8C122A}.AppStore|iPhone.Build.0 = Debug|Any CPU
		{5D23EC9D-8A5E-48F0-8401-42B5DF8C122A}.Debug|Any CPU.ActiveCfg = Debug|Any CPU
		{5D23EC9D-8A5E-48F0-8401-42B5DF8C122A}.Debug|Any CPU.Build.0 = Debug|Any CPU
		{5D23EC9D-8A5E-48F0-8401-42B5DF8C122A}.Debug|iPhone.ActiveCfg = Debug|Any CPU
		{5D23EC9D-8A5E-48F0-8401-42B5DF8C122A}.Debug|iPhone.Build.0 = Debug|Any CPU
		{5D23EC9D-8A5E-48F0-8401-42B5DF8C122A}.Debug|iPhoneSimulator.ActiveCfg = Debug|Any CPU
		{5D23EC9D-8A5E-48F0-8401-42B5DF8C122A}.Debug|iPhoneSimulator.Build.0 = Debug|Any CPU
		{5D23EC9D-8A5E-48F0-8401-42B5DF8C122A}.Release|Any CPU.ActiveCfg = Release|Any CPU
		{5D23EC9D-8A5E-48F0-8401-42B5DF8C122A}.Release|Any CPU.Build.0 = Release|Any CPU
		{5D23EC9D-8A5E-48F0-8401-42B5DF8C122A}.Release|iPhone.ActiveCfg = Release|Any CPU
		{5D23EC9D-8A5E-48F0-8401-42B5DF8C122A}.Release|iPhone.Build.0 = Release|Any CPU
		{5D23EC9D-8A5E-48F0-8401-42B5DF8C122A}.Release|iPhoneSimulator.ActiveCfg = Release|Any CPU
		{5D23EC9D-8A5E-48F0-8401-42B5DF8C122A}.Release|iPhoneSimulator.Build.0 = Release|Any CPU
		{80A6EC75-5B56-42B0-958F-2649A655DBDE}.Ad-Hoc|iPhone.ActiveCfg = Ad-Hoc|iPhone
		{80A6EC75-5B56-42B0-958F-2649A655DBDE}.Ad-Hoc|iPhone.Build.0 = Ad-Hoc|iPhone
		{80A6EC75-5B56-42B0-958F-2649A655DBDE}.AppStore|iPhone.ActiveCfg = AppStore|iPhone
		{80A6EC75-5B56-42B0-958F-2649A655DBDE}.AppStore|iPhone.Build.0 = AppStore|iPhone
		{80A6EC75-5B56-42B0-958F-2649A655DBDE}.Debug|Any CPU.ActiveCfg = Debug|iPhoneSimulator
		{80A6EC75-5B56-42B0-958F-2649A655DBDE}.Debug|Any CPU.Build.0 = Debug|iPhoneSimulator
		{80A6EC75-5B56-42B0-958F-2649A655DBDE}.Debug|iPhone.ActiveCfg = Debug|iPhone
		{80A6EC75-5B56-42B0-958F-2649A655DBDE}.Debug|iPhone.Build.0 = Debug|iPhone
		{80A6EC75-5B56-42B0-958F-2649A655DBDE}.Debug|iPhoneSimulator.ActiveCfg = Debug|iPhoneSimulator
		{80A6EC75-5B56-42B0-958F-2649A655DBDE}.Debug|iPhoneSimulator.Build.0 = Debug|iPhoneSimulator
		{80A6EC75-5B56-42B0-958F-2649A655DBDE}.Release|Any CPU.ActiveCfg = Release|iPhoneSimulator
		{80A6EC75-5B56-42B0-958F-2649A655DBDE}.Release|Any CPU.Build.0 = Release|iPhoneSimulator
		{80A6EC75-5B56-42B0-958F-2649A655DBDE}.Release|iPhone.ActiveCfg = Release|iPhone
		{80A6EC75-5B56-42B0-958F-2649A655DBDE}.Release|iPhone.Build.0 = Release|iPhone
		{80A6EC75-5B56-42B0-958F-2649A655DBDE}.Release|iPhoneSimulator.ActiveCfg = Release|iPhoneSimulator
		{80A6EC75-5B56-42B0-958F-2649A655DBDE}.Release|iPhoneSimulator.Build.0 = Release|iPhoneSimulator
	EndGlobalSection
EndGlobal
